// !$*UTF8*$!
{
	archiveVersion = 1;
	classes = {
	};
	objectVersion = 77;
	objects = {

/* Begin PBXBuildFile section */
		4CEF29032FB65EA90095A8AD /* webisso.svg in Resources */ = {isa = PBXBuildFile; fileRef = 4CEF29022FB65EA90095A8AD /* webisso.svg */; };
/* End PBXBuildFile section */

/* Begin PBXContainerItemProxy section */
		4C8F50862FB46DBE00273006 /* PBXContainerItemProxy */ = {
			isa = PBXContainerItemProxy;
			containerPortal = 4C8F506E2FB46DBD00273006 /* Project object */;
			proxyType = 1;
			remoteGlobalIDString = 4C8F50752FB46DBD00273006;
			remoteInfo = webiqu;
		};
		4C8F50902FB46DBE00273006 /* PBXContainerItemProxy */ = {
			isa = PBXContainerItemProxy;
			containerPortal = 4C8F506E2FB46DBD00273006 /* Project object */;
			proxyType = 1;
			remoteGlobalIDString = 4C8F50752FB46DBD00273006;
			remoteInfo = webiqu;
		};
/* End PBXContainerItemProxy section */

/* Begin PBXFileReference section */
		4C8F50762FB46DBD00273006 /* webiqu.app */ = {isa = PBXFileReference; explicitFileType = wrapper.application; includeInIndex = 0; path = webiqu.app; sourceTree = BUILT_PRODUCTS_DIR; };
		4C8F50852FB46DBE00273006 /* webiquTests.xctest */ = {isa = PBXFileReference; explicitFileType = wrapper.cfbundle; includeInIndex = 0; path = webiquTests.xctest; sourceTree = BUILT_PRODUCTS_DIR; };
		4C8F508F2FB46DBE00273006 /* webiquUITests.xctest */ = {isa = PBXFileReference; explicitFileType = wrapper.cfbundle; includeInIndex = 0; path = webiquUITests.xctest; sourceTree = BUILT_PRODUCTS_DIR; };
		4CEF29022FB65EA90095A8AD /* webisso.svg */ = {isa = PBXFileReference; lastKnownFileType = text; path = webisso.svg; sourceTree = "<group>"; };
/* End PBXFileReference section */

/* Begin PBXFileSystemSynchronizedRootGroup section */
		4C8F50782FB46DBD00273006 /* webiqu */ = {
			isa = PBXFileSystemSynchronizedRootGroup;
			path = webiqu;
			sourceTree = "<group>";
		};
		4C8F50882FB46DBE00273006 /* webiquTests */ = {
			isa = PBXFileSystemSynchronizedRootGroup;
			path = webiquTests;
			sourceTree = "<group>";
		};
		4C8F50922FB46DBE00273006 /* webiquUITests */ = {
			isa = PBXFileSystemSynchronizedRootGroup;
			path = webiquUITests;
			sourceTree = "<group>";
		};
/* End PBXFileSystemSynchronizedRootGroup section */

/* Begin PBXFrameworksBuildPhase section */
		4C8F50732FB46DBD00273006 /* Frameworks */ = {
			isa = PBXFrameworksBuildPhase;
			buildActionMask = 2147483647;
			files = (
			);
			runOnlyForDeploymentPostprocessing = 0;
		};
		4C8F50822FB46DBE00273006 /* Frameworks */ = {
			isa = PBXFrameworksBuildPhase;
			buildActionMask = 2147483647;
			files = (
			);
			runOnlyForDeploymentPostprocessing = 0;
		};
		4C8F508C2FB46DBE00273006 /* Frameworks */ = {
			isa = PBXFrameworksBuildPhase;
			buildActionMask = 2147483647;
			files = (
			);
			runOnlyForDeploymentPostprocessing = 0;
		};
/* End PBXFrameworksBuildPhase section */

/* Begin PBXGroup section */
		4C8F506D2FB46DBD00273006 = {
			isa = PBXGroup;
			children = (
				4CEF29012FB65E9A0095A8AD /* Resources */,
				4C8F50782FB46DBD00273006 /* webiqu */,
				4C8F50882FB46DBE00273006 /* webiquTests */,
				4C8F50922FB46DBE00273006 /* webiquUITests */,
				4C8F50772FB46DBD00273006 /* Products */,
			);
			sourceTree = "<group>";
		};
		4C8F50772FB46DBD00273006 /* Products */ = {
			isa = PBXGroup;
			children = (
				4C8F50762FB46DBD00273006 /* webiqu.app */,
				4C8F50852FB46DBE00273006 /* webiquTests.xctest */,
				4C8F508F2FB46DBE00273006 /* webiquUITests.xctest */,
			);
			name = Products;
			sourceTree = "<group>";
		};
		4CEF29012FB65E9A0095A8AD /* Resources */ = {
			isa = PBXGroup;
			children = (
				4CEF29022FB65EA90095A8AD /* webisso.svg */,
			);
			path = Resources;
			sourceTree = "<group>";
		};
/* End PBXGroup section */

/* Begin PBXNativeTarget section */
		4C8F50752FB46DBD00273006 /* webiqu */ = {
			isa = PBXNativeTarget;
			buildConfigurationList = 4C8F50992FB46DBE00273006 /* Build configuration list for PBXNativeTarget "webiqu" */;
			buildPhases = (
				4C8F50722FB46DBD00273006 /* Sources */,
				4C8F50732FB46DBD00273006 /* Frameworks */,
				4C8F50742FB46DBD00273006 /* Resources */,
			);
			buildRules = (
			);
			dependencies = (
			);
			fileSystemSynchronizedGroups = (
				4C8F50782FB46DBD00273006 /* webiqu */,
			);
			name = webiqu;
			packageProductDependencies = (
			);
			productName = webiqu;
			productReference = 4C8F50762FB46DBD00273006 /* webiqu.app */;
			productType = "com.apple.product-type.application";
		};
		4C8F50842FB46DBE00273006 /* webiquTests */ = {
			isa = PBXNativeTarget;
			buildConfigurationList = 4C8F509C2FB46DBE00273006 /* Build configuration list for PBXNativeTarget "webiquTests" */;
			buildPhases = (
				4C8F50812FB46DBE00273006 /* Sources */,
				4C8F50822FB46DBE00273006 /* Frameworks */,
				4C8F50832FB46DBE00273006 /* Resources */,
			);
			buildRules = (
			);
			dependencies = (
				4C8F50872FB46DBE00273006 /* PBXTargetDependency */,
			);
			fileSystemSynchronizedGroups = (
				4C8F50882FB46DBE00273006 /* webiquTests */,
			);
			name = webiquTests;
			packageProductDependencies = (
			);
			productName = webiquTests;
			productReference = 4C8F50852FB46DBE00273006 /* webiquTests.xctest */;
			productType = "com.apple.product-type.bundle.unit-test";
		};
		4C8F508E2FB46DBE00273006 /* webiquUITests */ = {
			isa = PBXNativeTarget;
			buildConfigurationList = 4C8F509F2FB46DBE00273006 /* Build configuration list for PBXNativeTarget "webiquUITests" */;
			buildPhases = (
				4C8F508B2FB46DBE00273006 /* Sources */,
				4C8F508C2FB46DBE00273006 /* Frameworks */,
				4C8F508D2FB46DBE00273006 /* Resources */,
			);
			buildRules = (
			);
			dependencies = (
				4C8F50912FB46DBE00273006 /* PBXTargetDependency */,
			);
			fileSystemSynchronizedGroups = (
				4C8F50922FB46DBE00273006 /* webiquUITests */,
			);
			name = webiquUITests;
			packageProductDependencies = (
			);
			productName = webiquUITests;
			productReference = 4C8F508F2FB46DBE00273006 /* webiquUITests.xctest */;
			productType = "com.apple.product-type.bundle.ui-testing";
		};
/* End PBXNativeTarget section */

/* Begin PBXProject section */
		4C8F506E2FB46DBD00273006 /* Project object */ = {
			isa = PBXProject;
			attributes = {
				BuildIndependentTargetsInParallel = 1;
				LastSwiftUpdateCheck = 2630;
				LastUpgradeCheck = 2630;
				TargetAttributes = {
					4C8F50752FB46DBD00273006 = {
						CreatedOnToolsVersion = 26.3;
					};
					4C8F50842FB46DBE00273006 = {
						CreatedOnToolsVersion = 26.3;
						TestTargetID = 4C8F50752FB46DBD00273006;
					};
					4C8F508E2FB46DBE00273006 = {
						CreatedOnToolsVersion = 26.3;
						TestTargetID = 4C8F50752FB46DBD00273006;
					};
				};
			};
			buildConfigurationList = 4C8F50712FB46DBD00273006 /* Build configuration list for PBXProject "webiqu" */;
			developmentRegion = en;
			hasScannedForEncodings = 0;
			knownRegions = (
				en,
				Base,
			);
			mainGroup = 4C8F506D2FB46DBD00273006;
			minimizedProjectReferenceProxies = 1;
			preferredProjectObjectVersion = 77;
			productRefGroup = 4C8F50772FB46DBD00273006 /* Products */;
			projectDirPath = "";
			projectRoot = "";
			targets = (
				4C8F50752FB46DBD00273006 /* webiqu */,
				4C8F50842FB46DBE00273006 /* webiquTests */,
				4C8F508E2FB46DBE00273006 /* webiquUITests */,
			);
		};
/* End PBXProject section */

/* Begin PBXResourcesBuildPhase section */
		4C8F50742FB46DBD00273006 /* Resources */ = {
			isa = PBXResourcesBuildPhase;
			buildActionMask = 2147483647;
			files = (
				4CEF29032FB65EA90095A8AD /* webisso.svg in Resources */,
			);
			runOnlyForDeploymentPostprocessing = 0;
		};
		4C8F50832FB46DBE00273006 /* Resources */ = {
			isa = PBXResourcesBuildPhase;
			buildActionMask = 2147483647;
			files = (
			);
			runOnlyForDeploymentPostprocessing = 0;
		};
		4C8F508D2FB46DBE00273006 /* Resources */ = {
			isa = PBXResourcesBuildPhase;
			buildActionMask = 2147483647;
			files = (
			);
			runOnlyForDeploymentPostprocessing = 0;
		};
/* End PBXResourcesBuildPhase section */

/* Begin PBXSourcesBuildPhase section */
		4C8F50722FB46DBD00273006 /* Sources */ = {
			isa = PBXSourcesBuildPhase;
			buildActionMask = 2147483647;
			files = (
			);
			runOnlyForDeploymentPostprocessing = 0;
		};
		4C8F50812FB46DBE00273006 /* Sources */ = {
			isa = PBXSourcesBuildPhase;
			buildActionMask = 2147483647;
			files = (
			);
			runOnlyForDeploymentPostprocessing = 0;
		};
		4C8F508B2FB46DBE00273006 /* Sources */ = {
			isa = PBXSourcesBuildPhase;
			buildActionMask = 2147483647;
			files = (
			);
			runOnlyForDeploymentPostprocessing = 0;
		};
/* End PBXSourcesBuildPhase section */

/* Begin PBXTargetDependency section */
		4C8F50872FB46DBE00273006 /* PBXTargetDependency */ = {
			isa = PBXTargetDependency;
			target = 4C8F50752FB46DBD00273006 /* webiqu */;
			targetProxy = 4C8F50862FB46DBE00273006 /* PBXContainerItemProxy */;
		};
		4C8F50912FB46DBE00273006 /* PBXTargetDependency */ = {
			isa = PBXTargetDependency;
			target = 4C8F50752FB46DBD00273006 /* webiqu */;
			targetProxy = 4C8F50902FB46DBE00273006 /* PBXContainerItemProxy */;
		};
/* End PBXTargetDependency section */

/* Begin XCBuildConfiguration section */
		4C8F50972FB46DBE00273006 /* Debug */ = {
			isa = XCBuildConfiguration;
			buildSettings = {
				ALWAYS_SEARCH_USER_PATHS = NO;
				ASSETCATALOG_COMPILER_GENERATE_SWIFT_ASSET_SYMBOL_EXTENSIONS = YES;
				CLANG_ANALYZER_NONNULL = YES;
				CLANG_ANALYZER_NUMBER_OBJECT_CONVERSION = YES_AGGRESSIVE;
				CLANG_CXX_LANGUAGE_STANDARD = "gnu++20";
				CLANG_ENABLE_MODULES = YES;
				CLANG_ENABLE_OBJC_ARC = YES;
				CLANG_ENABLE_OBJC_WEAK = YES;
				CLANG_WARN_BLOCK_CAPTURE_AUTORELEASING = YES;
				CLANG_WARN_BOOL_CONVERSION = YES;
				CLANG_WARN_COMMA = YES;
				CLANG_WARN_CONSTANT_CONVERSION = YES;
				CLANG_WARN_DEPRECATED_OBJC_IMPLEMENTATIONS = YES;
				CLANG_WARN_DIRECT_OBJC_ISA_USAGE = YES_ERROR;
				CLANG_WARN_DOCUMENTATION_COMMENTS = YES;
				CLANG_WARN_EMPTY_BODY = YES;
				CLANG_WARN_ENUM_CONVERSION = YES;
				CLANG_WARN_INFINITE_RECURSION = YES;
				CLANG_WARN_INT_CONVERSION = YES;
				CLANG_WARN_NON_LITERAL_NULL_CONVERSION = YES;
				CLANG_WARN_OBJC_IMPLICIT_RETAIN_SELF = YES;
				CLANG_WARN_OBJC_LITERAL_CONVERSION = YES;
				CLANG_WARN_OBJC_ROOT_CLASS = YES_ERROR;
				CLANG_WARN_QUOTED_INCLUDE_IN_FRAMEWORK_HEADER = YES;
				CLANG_WARN_RANGE_LOOP_ANALYSIS = YES;
				CLANG_WARN_STRICT_PROTOTYPES = YES;
				CLANG_WARN_SUSPICIOUS_MOVE = YES;
				CLANG_WARN_UNGUARDED_AVAILABILITY = YES_AGGRESSIVE;
				CLANG_WARN_UNREACHABLE_CODE = YES;
				CLANG_WARN__DUPLICATE_METHOD_MATCH = YES;
				COPY_PHASE_STRIP = NO;
				DEBUG_INFORMATION_FORMAT = dwarf;
				DEVELOPMENT_TEAM = 7G26V976NQ;
				ENABLE_STRICT_OBJC_MSGSEND = YES;
				ENABLE_TESTABILITY = YES;
				ENABLE_USER_SCRIPT_SANDBOXING = YES;
				GCC_C_LANGUAGE_STANDARD = gnu17;
				GCC_DYNAMIC_NO_PIC = NO;
				GCC_NO_COMMON_BLOCKS = YES;
				GCC_OPTIMIZATION_LEVEL = 0;
				GCC_PREPROCESSOR_DEFINITIONS = (
					"DEBUG=1",
					"$(inherited)",
				);
				GCC_WARN_64_TO_32_BIT_CONVERSION = YES;
				GCC_WARN_ABOUT_RETURN_TYPE = YES_ERROR;
				GCC_WARN_UNDECLARED_SELECTOR = YES;
				GCC_WARN_UNINITIALIZED_AUTOS = YES_AGGRESSIVE;
				GCC_WARN_UNUSED_FUNCTION = YES;
				GCC_WARN_UNUSED_VARIABLE = YES;
				LOCALIZATION_PREFERS_STRING_CATALOGS = YES;
				MACOSX_DEPLOYMENT_TARGET = 15.7;
				MTL_ENABLE_DEBUG_INFO = INCLUDE_SOURCE;
				MTL_FAST_MATH = YES;
				ONLY_ACTIVE_ARCH = YES;
				SDKROOT = macosx;
				SWIFT_ACTIVE_COMPILATION_CONDITIONS = "DEBUG $(inherited)";
				SWIFT_OPTIMIZATION_LEVEL = "-Onone";
			};
			name = Debug;
		};
		4C8F50982FB46DBE00273006 /* Release */ = {
			isa = XCBuildConfiguration;
			buildSettings = {
				ALWAYS_SEARCH_USER_PATHS = NO;
				ASSETCATALOG_COMPILER_GENERATE_SWIFT_ASSET_SYMBOL_EXTENSIONS = YES;
				CLANG_ANALYZER_NONNULL = YES;
				CLANG_ANALYZER_NUMBER_OBJECT_CONVERSION = YES_AGGRESSIVE;
				CLANG_CXX_LANGUAGE_STANDARD = "gnu++20";
				CLANG_ENABLE_MODULES = YES;
				CLANG_ENABLE_OBJC_ARC = YES;
				CLANG_ENABLE_OBJC_WEAK = YES;
				CLANG_WARN_BLOCK_CAPTURE_AUTORELEASING = YES;
				CLANG_WARN_BOOL_CONVERSION = YES;
				CLANG_WARN_COMMA = YES;
				CLANG_WARN_CONSTANT_CONVERSION = YES;
				CLANG_WARN_DEPRECATED_OBJC_IMPLEMENTATIONS = YES;
				CLANG_WARN_DIRECT_OBJC_ISA_USAGE = YES_ERROR;
				CLANG_WARN_DOCUMENTATION_COMMENTS = YES;
				CLANG_WARN_EMPTY_BODY = YES;
				CLANG_WARN_ENUM_CONVERSION = YES;
				CLANG_WARN_INFINITE_RECURSION = YES;
				CLANG_WARN_INT_CONVERSION = YES;
				CLANG_WARN_NON_LITERAL_NULL_CONVERSION = YES;
				CLANG_WARN_OBJC_IMPLICIT_RETAIN_SELF = YES;
				CLANG_WARN_OBJC_LITERAL_CONVERSION = YES;
				CLANG_WARN_OBJC_ROOT_CLASS = YES_ERROR;
				CLANG_WARN_QUOTED_INCLUDE_IN_FRAMEWORK_HEADER = YES;
				CLANG_WARN_RANGE_LOOP_ANALYSIS = YES;
				CLANG_WARN_STRICT_PROTOTYPES = YES;
				CLANG_WARN_SUSPICIOUS_MOVE = YES;
				CLANG_WARN_UNGUARDED_AVAILABILITY = YES_AGGRESSIVE;
				CLANG_WARN_UNREACHABLE_CODE = YES;
				CLANG_WARN__DUPLICATE_METHOD_MATCH = YES;
				COPY_PHASE_STRIP = NO;
				DEBUG_INFORMATION_FORMAT = "dwarf-with-dsym";
				DEVELOPMENT_TEAM = 7G26V976NQ;
				ENABLE_NS_ASSERTIONS = NO;
				ENABLE_STRICT_OBJC_MSGSEND = YES;
				ENABLE_USER_SCRIPT_SANDBOXING = YES;
				GCC_C_LANGUAGE_STANDARD = gnu17;
				GCC_NO_COMMON_BLOCKS = YES;
				GCC_WARN_64_TO_32_BIT_CONVERSION = YES;
				GCC_WARN_ABOUT_RETURN_TYPE = YES_ERROR;
				GCC_WARN_UNDECLARED_SELECTOR = YES;
				GCC_WARN_UNINITIALIZED_AUTOS = YES_AGGRESSIVE;
				GCC_WARN_UNUSED_FUNCTION = YES;
				GCC_WARN_UNUSED_VARIABLE = YES;
				LOCALIZATION_PREFERS_STRING_CATALOGS = YES;
				MACOSX_DEPLOYMENT_TARGET = 15.7;
				MTL_ENABLE_DEBUG_INFO = NO;
				MTL_FAST_MATH = YES;
				SDKROOT = macosx;
				SWIFT_COMPILATION_MODE = wholemodule;
			};
			name = Release;
		};
		4C8F509A2FB46DBE00273006 /* Debug */ = {
			isa = XCBuildConfiguration;
			buildSettings = {
				ASSETCATALOG_COMPILER_APPICON_NAME = AppIcon;
				ASSETCATALOG_COMPILER_GLOBAL_ACCENT_COLOR_NAME = AccentColor;
				CODE_SIGN_STYLE = Automatic;
				COMBINE_HIDPI_IMAGES = YES;
				CURRENT_PROJECT_VERSION = 1;
				DEVELOPMENT_TEAM = 7G26V976NQ;
				ENABLE_APP_SANDBOX = YES;
				ENABLE_FILE_ACCESS_DOWNLOADS_FOLDER = readwrite;
				ENABLE_HARDENED_RUNTIME = YES;
				ENABLE_INCOMING_NETWORK_CONNECTIONS = YES;
				ENABLE_OUTGOING_NETWORK_CONNECTIONS = YES;
				ENABLE_PREVIEWS = YES;
				ENABLE_RESOURCE_ACCESS_AUDIO_INPUT = NO;
				ENABLE_RESOURCE_ACCESS_BLUETOOTH = NO;
				ENABLE_RESOURCE_ACCESS_CALENDARS = NO;
				ENABLE_RESOURCE_ACCESS_CAMERA = NO;
				ENABLE_RESOURCE_ACCESS_CONTACTS = NO;
				ENABLE_RESOURCE_ACCESS_LOCATION = NO;
				ENABLE_RESOURCE_ACCESS_PRINTING = NO;
				ENABLE_RESOURCE_ACCESS_USB = NO;
				ENABLE_USER_SELECTED_FILES = readwrite;
				GENERATE_INFOPLIST_FILE = YES;
				INFOPLIST_KEY_CFBundleDisplayName = Webiqu;
				INFOPLIST_KEY_NSDownloadsFolderUsageDescription = "webiqu needs access to your Downloads folder to save files downloaded from your servers.";
				INFOPLIST_KEY_NSHumanReadableCopyright = "";
				LD_RUNPATH_SEARCH_PATHS = (
					"$(inherited)",
					"@executable_path/../Frameworks",
				);
				MARKETING_VERSION = 1.0.0;
				PRODUCT_BUNDLE_IDENTIFIER = com.webisso.webiqu;
				PRODUCT_NAME = "$(TARGET_NAME)";
				REGISTER_APP_GROUPS = YES;
				STRING_CATALOG_GENERATE_SYMBOLS = YES;
				SWIFT_APPROACHABLE_CONCURRENCY = YES;
				SWIFT_DEFAULT_ACTOR_ISOLATION = MainActor;
				SWIFT_EMIT_LOC_STRINGS = YES;
				SWIFT_UPCOMING_FEATURE_MEMBER_IMPORT_VISIBILITY = YES;
				SWIFT_VERSION = 5.0;
			};
			name = Debug;
		};
		4C8F509B2FB46DBE00273006 /* Release */ = {
			isa = XCBuildConfiguration;
			buildSettings = {
				ASSETCATALOG_COMPILER_APPICON_NAME = AppIcon;
				ASSETCATALOG_COMPILER_GLOBAL_ACCENT_COLOR_NAME = AccentColor;
				CODE_SIGN_STYLE = Automatic;
				COMBINE_HIDPI_IMAGES = YES;
				CURRENT_PROJECT_VERSION = 1;
				DEVELOPMENT_TEAM = 7G26V976NQ;
				ENABLE_APP_SANDBOX = YES;
				ENABLE_FILE_ACCESS_DOWNLOADS_FOLDER = readwrite;
				ENABLE_HARDENED_RUNTIME = YES;
				ENABLE_INCOMING_NETWORK_CONNECTIONS = YES;
				ENABLE_OUTGOING_NETWORK_CONNECTIONS = YES;
				ENABLE_PREVIEWS = YES;
				ENABLE_RESOURCE_ACCESS_AUDIO_INPUT = NO;
				ENABLE_RESOURCE_ACCESS_BLUETOOTH = NO;
				ENABLE_RESOURCE_ACCESS_CALENDARS = NO;
				ENABLE_RESOURCE_ACCESS_CAMERA = NO;
				ENABLE_RESOURCE_ACCESS_CONTACTS = NO;
				ENABLE_RESOURCE_ACCESS_LOCATION = NO;
				ENABLE_RESOURCE_ACCESS_PRINTING = NO;
				ENABLE_RESOURCE_ACCESS_USB = NO;
				ENABLE_USER_SELECTED_FILES = readwrite;
				GENERATE_INFOPLIST_FILE = YES;
				INFOPLIST_KEY_CFBundleDisplayName = Webiqu;
				INFOPLIST_KEY_NSDownloadsFolderUsageDescription = "webiqu needs access to your Downloads folder to save files downloaded from your servers.";
				INFOPLIST_KEY_NSHumanReadableCopyright = "";
				LD_RUNPATH_SEARCH_PATHS = (
					"$(inherited)",
					"@executable_path/../Frameworks",
				);
				MARKETING_VERSION = 1.0.0;
				PRODUCT_BUNDLE_IDENTIFIER = com.webisso.webiqu;
				PRODUCT_NAME = "$(TARGET_NAME)";
				REGISTER_APP_GROUPS = YES;
				STRING_CATALOG_GENERATE_SYMBOLS = YES;
				SWIFT_APPROACHABLE_CONCURRENCY = YES;
				SWIFT_DEFAULT_ACTOR_ISOLATION = MainActor;
				SWIFT_EMIT_LOC_STRINGS = YES;
				SWIFT_UPCOMING_FEATURE_MEMBER_IMPORT_VISIBILITY = YES;
				SWIFT_VERSION = 5.0;
			};
			name = Release;
		};
		4C8F509D2FB46DBE00273006 /* Debug */ = {
			isa = XCBuildConfiguration;
			buildSettings = {
				BUNDLE_LOADER = "$(TEST_HOST)";
				CODE_SIGN_STYLE = Automatic;
				CURRENT_PROJECT_VERSION = 1;
				DEVELOPMENT_TEAM = 7G26V976NQ;
				GENERATE_INFOPLIST_FILE = YES;
				MACOSX_DEPLOYMENT_TARGET = 15.7;
				MARKETING_VERSION = 1.0;
				PRODUCT_BUNDLE_IDENTIFIER = com.webisso.webiquTests;
				PRODUCT_NAME = "$(TARGET_NAME)";
				STRING_CATALOG_GENERATE_SYMBOLS = NO;
				SWIFT_APPROACHABLE_CONCURRENCY = YES;
				SWIFT_EMIT_LOC_STRINGS = NO;
				SWIFT_UPCOMING_FEATURE_MEMBER_IMPORT_VISIBILITY = YES;
				SWIFT_VERSION = 5.0;
				TEST_HOST = "$(BUILT_PRODUCTS_DIR)/webiqu.app/$(BUNDLE_EXECUTABLE_FOLDER_PATH)/webiqu";
			};
			name = Debug;
		};
		4C8F509E2FB46DBE00273006 /* Release */ = {
			isa = XCBuildConfiguration;
			buildSettings = {
				BUNDLE_LOADER = "$(TEST_HOST)";
				CODE_SIGN_STYLE = Automatic;
				CURRENT_PROJECT_VERSION = 1;
				DEVELOPMENT_TEAM = 7G26V976NQ;
				GENERATE_INFOPLIST_FILE = YES;
				MACOSX_DEPLOYMENT_TARGET = 15.7;
				MARKETING_VERSION = 1.0;
				PRODUCT_BUNDLE_IDENTIFIER = com.webisso.webiquTests;
				PRODUCT_NAME = "$(TARGET_NAME)";
				STRING_CATALOG_GENERATE_SYMBOLS = NO;
				SWIFT_APPROACHABLE_CONCURRENCY = YES;
				SWIFT_EMIT_LOC_STRINGS = NO;
				SWIFT_UPCOMING_FEATURE_MEMBER_IMPORT_VISIBILITY = YES;
				SWIFT_VERSION = 5.0;
				TEST_HOST = "$(BUILT_PRODUCTS_DIR)/webiqu.app/$(BUNDLE_EXECUTABLE_FOLDER_PATH)/webiqu";
			};
			name = Release;
		};
		4C8F50A02FB46DBE00273006 /* Debug */ = {
			isa = XCBuildConfiguration;
			buildSettings = {
				CODE_SIGN_STYLE = Automatic;
				CURRENT_PROJECT_VERSION = 1;
				DEVELOPMENT_TEAM = 7G26V976NQ;
				GENERATE_INFOPLIST_FILE = YES;
				MARKETING_VERSION = 1.0;
				PRODUCT_BUNDLE_IDENTIFIER = com.webisso.webiquUITests;
				PRODUCT_NAME = "$(TARGET_NAME)";
				STRING_CATALOG_GENERATE_SYMBOLS = NO;
				SWIFT_APPROACHABLE_CONCURRENCY = YES;
				SWIFT_EMIT_LOC_STRINGS = NO;
				SWIFT_UPCOMING_FEATURE_MEMBER_IMPORT_VISIBILITY = YES;
				SWIFT_VERSION = 5.0;
				TEST_TARGET_NAME = webiqu;
			};
			name = Debug;
		};
		4C8F50A12FB46DBE00273006 /* Release */ = {
			isa = XCBuildConfiguration;
			buildSettings = {
				CODE_SIGN_STYLE = Automatic;
				CURRENT_PROJECT_VERSION = 1;
				DEVELOPMENT_TEAM = 7G26V976NQ;
				GENERATE_INFOPLIST_FILE = YES;
				MARKETING_VERSION = 1.0;
				PRODUCT_BUNDLE_IDENTIFIER = com.webisso.webiquUITests;
				PRODUCT_NAME = "$(TARGET_NAME)";
				STRING_CATALOG_GENERATE_SYMBOLS = NO;
				SWIFT_APPROACHABLE_CONCURRENCY = YES;
				SWIFT_EMIT_LOC_STRINGS = NO;
				SWIFT_UPCOMING_FEATURE_MEMBER_IMPORT_VISIBILITY = YES;
				SWIFT_VERSION = 5.0;
				TEST_TARGET_NAME = webiqu;
			};
			name = Release;
		};
/* End XCBuildConfiguration section */

/* Begin XCConfigurationList section */
		4C8F50712FB46DBD00273006 /* Build configuration list for PBXProject "webiqu" */ = {
			isa = XCConfigurationList;
			buildConfigurations = (
				4C8F50972FB46DBE00273006 /* Debug */,
				4C8F50982FB46DBE00273006 /* Release */,
			);
			defaultConfigurationIsVisible = 0;
			defaultConfigurationName = Release;
		};
		4C8F50992FB46DBE00273006 /* Build configuration list for PBXNativeTarget "webiqu" */ = {
			isa = XCConfigurationList;
			buildConfigurations = (
				4C8F509A2FB46DBE00273006 /* Debug */,
				4C8F509B2FB46DBE00273006 /* Release */,
			);
			defaultConfigurationIsVisible = 0;
			defaultConfigurationName = Release;
		};
		4C8F509C2FB46DBE00273006 /* Build configuration list for PBXNativeTarget "webiquTests" */ = {
			isa = XCConfigurationList;
			buildConfigurations = (
				4C8F509D2FB46DBE00273006 /* Debug */,
				4C8F509E2FB46DBE00273006 /* Release */,
			);
			defaultConfigurationIsVisible = 0;
			defaultConfigurationName = Release;
		};
		4C8F509F2FB46DBE00273006 /* Build configuration list for PBXNativeTarget "webiquUITests" */ = {
			isa = XCConfigurationList;
			buildConfigurations = (
				4C8F50A02FB46DBE00273006 /* Debug */,
				4C8F50A12FB46DBE00273006 /* Release */,
			);
			defaultConfigurationIsVisible = 0;
			defaultConfigurationName = Release;
		};
/* End XCConfigurationList section */
	};
	rootObject = 4C8F506E2FB46DBD00273006 /* Project object */;
}
